dependencies:
- name: cert-manager
  repository: https://charts.jetstack.io
  version: v1.17.1
- name: trust-manager
  repository: https://charts.jetstack.io
  version: v0.16.0
- name: ingress-nginx
  repository: https://kubernetes.github.io/ingress-nginx/
  version: 4.12.0
digest: sha256:4e034e43fd01b434ccedf78a409501597d75fb1ebfacf587deddbc57bcc8c7bd
generated: "2025-03-07T19:34:31.706563087-05:00"
