dependencies:
- name: cert-manager
  repository: https://charts.jetstack.io
  version: v1.14.7
- name: trust-manager
  repository: https://charts.jetstack.io
  version: v0.7.1
- name: ingress-nginx
  repository: https://kubernetes.github.io/ingress-nginx/
  version: 4.10.4
digest: sha256:78a699dc2893617bb3440db32e9bcabed6a105695193e047ecd02c9d88b59071
generated: "2024-10-04T17:15:32.404071493-04:00"
